
Microsoft Visual Studio Solution File, Format Version 12.00
# Visual Studio Version 17
VisualStudioVersion = 17.5.2.0
MinimumVisualStudioVersion = 10.0.40219.1
Project("{FAE04EC0-301F-11D3-BF4B-00C04F79EFBC}") = "BookMarketplace.DAL", "BookMarketplace.DAL\BookMarketplace.DAL.csproj", "{EC77A68D-C1E6-2D94-BEE3-387F4380A386}"
EndProject
Project("{2150E333-8FDC-42A3-9474-1A3956D46DE8}") = "BookMarketplace.Web", "BookMarketplace.Web", "{28390901-FDB3-C98F-D4CB-AB957ECC53AE}"
EndProject
Project("{FAE04EC0-301F-11D3-BF4B-00C04F79EFBC}") = "BookMarketplace.Model", "BookMarketplace.Model\BookMarketplace.Model.csproj", "{2232A3BF-BB3D-402E-4EA7-2F4B2D321AA6}"
EndProject
Project("{FAE04EC0-301F-11D3-BF4B-00C04F79EFBC}") = "BookMarketplace", "BookMarketplace.Web\BookMarketplace.csproj", "{8B3FAD12-CDE2-4A10-1E6C-9597A80341B3}"
EndProject
Project("{FAE04EC0-301F-11D3-BF4B-00C04F79EFBC}") = "BookMarketplace.PlaywrightTests", "BookMarketplace.PlaywrightTests\BookMarketplace.PlaywrightTests.csproj", "{DB6AC352-1060-467D-BB84-C6CAB0CA9EC8}"
EndProject
Global
	GlobalSection(SolutionConfigurationPlatforms) = preSolution
		Debug|Any CPU = Debug|Any CPU
		Release|Any CPU = Release|Any CPU
	EndGlobalSection
	GlobalSection(ProjectConfigurationPlatforms) = postSolution
		{EC77A68D-C1E6-2D94-BEE3-387F4380A386}.Debug|Any CPU.ActiveCfg = Debug|Any CPU
		{EC77A68D-C1E6-2D94-BEE3-387F4380A386}.Debug|Any CPU.Build.0 = Debug|Any CPU
		{EC77A68D-C1E6-2D94-BEE3-387F4380A386}.Release|Any CPU.ActiveCfg = Release|Any CPU
		{EC77A68D-C1E6-2D94-BEE3-387F4380A386}.Release|Any CPU.Build.0 = Release|Any CPU
		{2232A3BF-BB3D-402E-4EA7-2F4B2D321AA6}.Debug|Any CPU.ActiveCfg = Debug|Any CPU
		{2232A3BF-BB3D-402E-4EA7-2F4B2D321AA6}.Debug|Any CPU.Build.0 = Debug|Any CPU
		{2232A3BF-BB3D-402E-4EA7-2F4B2D321AA6}.Release|Any CPU.ActiveCfg = Release|Any CPU
		{2232A3BF-BB3D-402E-4EA7-2F4B2D321AA6}.Release|Any CPU.Build.0 = Release|Any CPU
		{8B3FAD12-CDE2-4A10-1E6C-9597A80341B3}.Debug|Any CPU.ActiveCfg = Debug|Any CPU
		{8B3FAD12-CDE2-4A10-1E6C-9597A80341B3}.Debug|Any CPU.Build.0 = Debug|Any CPU
		{8B3FAD12-CDE2-4A10-1E6C-9597A80341B3}.Release|Any CPU.ActiveCfg = Release|Any CPU
		{8B3FAD12-CDE2-4A10-1E6C-9597A80341B3}.Release|Any CPU.Build.0 = Release|Any CPU
		{DB6AC352-1060-467D-BB84-C6CAB0CA9EC8}.Debug|Any CPU.ActiveCfg = Debug|Any CPU
		{DB6AC352-1060-467D-BB84-C6CAB0CA9EC8}.Debug|Any CPU.Build.0 = Debug|Any CPU
		{DB6AC352-1060-467D-BB84-C6CAB0CA9EC8}.Release|Any CPU.ActiveCfg = Release|Any CPU
		{DB6AC352-1060-467D-BB84-C6CAB0CA9EC8}.Release|Any CPU.Build.0 = Release|Any CPU
	EndGlobalSection
	GlobalSection(SolutionProperties) = preSolution
		HideSolutionNode = FALSE
	EndGlobalSection
	GlobalSection(NestedProjects) = preSolution
		{8B3FAD12-CDE2-4A10-1E6C-9597A80341B3} = {28390901-FDB3-C98F-D4CB-AB957ECC53AE}
	EndGlobalSection
	GlobalSection(ExtensibilityGlobals) = postSolution
		SolutionGuid = {9BF1495A-1994-48EA-92CB-8F54E2172739}
	EndGlobalSection
EndGlobal
